
Microsoft Visual Studio Solution File, Format Version 12.00
# Visual Studio 2013
VisualStudioVersion = 12.0.30723.0
MinimumVisualStudioVersion = 10.0.40219.1
Project("{FAE04EC0-301F-11D3-BF4B-00C04F79EFBC}") = "MapFilter", "MapFilter.csproj", "{59A92B80-D024-4FFF-9F8A-980664492680}"
EndProject
Global
	GlobalSection(SolutionConfigurationPlatforms) = preSolution
		Debug|Any CPU = Debug|Any CPU
		Release|Any CPU = Release|Any CPU
	EndGlobalSection
	GlobalSection(ProjectConfigurationPlatforms) = postSolution
		{59A92B80-D024-4FFF-9F8A-980664492680}.Debug|Any CPU.ActiveCfg = Debug|Any CPU
		{59A92B80-D024-4FFF-9F8A-980664492680}.Debug|Any CPU.Build.0 = Debug|Any CPU
		{59A92B80-D024-4FFF-9F8A-980664492680}.Release|Any CPU.ActiveCfg = Release|Any CPU
		{59A92B80-D024-4FFF-9F8A-980664492680}.Release|Any CPU.Build.0 = Release|Any CPU
	EndGlobalSection
	GlobalSection(SolutionProperties) = preSolution
		HideSolutionNode = FALSE
	EndGlobalSection
EndGlobal
